
Microsoft Visual Studio Solution File, Format Version 12.00
# Visual Studio 15
VisualStudioVersion = 15.0.26730.16
MinimumVisualStudioVersion = 10.0.40219.1
Project("{9A19103F-16F7-4668-BE54-9A1E7A4F7556}") = "DiffPatch.Data", "DiffPatch.Data\DiffPatch.Data.csproj", "{7EE8082D-01FB-4A1C-906F-A28F900756FB}"
EndProject
Project("{9A19103F-16F7-4668-BE54-9A1E7A4F7556}") = "DiffPatch.Tests", "DiffPatch.Tests\DiffPatch.Tests.csproj", "{8A61CF26-A3C6-47A1-9406-C04395803294}"
EndProject
Project("{FAE04EC0-301F-11D3-BF4B-00C04F79EFBC}") = "DiffPatch", "DiffPatch\DiffPatch.csproj", "{D6DE4A75-16DF-4B3C-A4AB-F2CFA4E67626}"
EndProject
Project("{2150E333-8FDC-42A3-9474-1A3956D46DE8}") = "Solution Items", "Solution Items", "{BCA51AEC-DBFD-4917-8AF6-13BED8C9746E}"
	ProjectSection(SolutionItems) = preProject
		createPackages.bat = createPackages.bat
	EndProjectSection
EndProject
Global
	GlobalSection(SolutionConfigurationPlatforms) = preSolution
		Debug|Any CPU = Debug|Any CPU
		Release|Any CPU = Release|Any CPU
	EndGlobalSection
	GlobalSection(ProjectConfigurationPlatforms) = postSolution
		{7EE8082D-01FB-4A1C-906F-A28F900756FB}.Debug|Any CPU.ActiveCfg = Debug|Any CPU
		{7EE8082D-01FB-4A1C-906F-A28F900756FB}.Debug|Any CPU.Build.0 = Debug|Any CPU
		{7EE8082D-01FB-4A1C-906F-A28F900756FB}.Release|Any CPU.ActiveCfg = Release|Any CPU
		{7EE8082D-01FB-4A1C-906F-A28F900756FB}.Release|Any CPU.Build.0 = Release|Any CPU
		{8A61CF26-A3C6-47A1-9406-C04395803294}.Debug|Any CPU.ActiveCfg = Debug|Any CPU
		{8A61CF26-A3C6-47A1-9406-C04395803294}.Debug|Any CPU.Build.0 = Debug|Any CPU
		{8A61CF26-A3C6-47A1-9406-C04395803294}.Release|Any CPU.ActiveCfg = Release|Any CPU
		{8A61CF26-A3C6-47A1-9406-C04395803294}.Release|Any CPU.Build.0 = Release|Any CPU
		{D6DE4A75-16DF-4B3C-A4AB-F2CFA4E67626}.Debug|Any CPU.ActiveCfg = Debug|Any CPU
		{D6DE4A75-16DF-4B3C-A4AB-F2CFA4E67626}.Debug|Any CPU.Build.0 = Debug|Any CPU
		{D6DE4A75-16DF-4B3C-A4AB-F2CFA4E67626}.Release|Any CPU.ActiveCfg = Release|Any CPU
		{D6DE4A75-16DF-4B3C-A4AB-F2CFA4E67626}.Release|Any CPU.Build.0 = Release|Any CPU
	EndGlobalSection
	GlobalSection(SolutionProperties) = preSolution
		HideSolutionNode = FALSE
	EndGlobalSection
	GlobalSection(ExtensibilityGlobals) = postSolution
		SolutionGuid = {AE38EBC5-2EB6-45D9-80A1-190D98649CBE}
	EndGlobalSection
EndGlobal
