
Microsoft Visual Studio Solution File, Format Version 12.00
# Visual Studio 15
VisualStudioVersion = 15.0.26730.16
MinimumVisualStudioVersion = 10.0.40219.1
Project("{9A19103F-16F7-4668-BE54-9A1E7A4F7556}") = "DiffPatch.DiffParser", "DiffPatch.DiffParser\DiffPatch.DiffParser.csproj", "{7C71379E-061D-4FF2-9BCC-5CCC5995F325}"
EndProject
Project("{FAE04EC0-301F-11D3-BF4B-00C04F79EFBC}") = "ParseDiff", "ParseDiff\ParseDiff.csproj", "{65672E92-C353-4D21-A098-6A5BEB42CDF4}"
EndProject
Project("{FAE04EC0-301F-11D3-BF4B-00C04F79EFBC}") = "ParseDiff.Tests", "ParseDiff.Tests\ParseDiff.Tests.csproj", "{8C1F9C75-E116-4224-94C3-B1119773D155}"
EndProject
Project("{FAE04EC0-301F-11D3-BF4B-00C04F79EFBC}") = "DiffPatch.DiffParser.Tests", "DiffPatch.DiffParser.Tests\DiffPatch.DiffParser.Tests.csproj", "{A597F7B9-A590-4C65-A661-18DA947EE33D}"
EndProject
Project("{FAE04EC0-301F-11D3-BF4B-00C04F79EFBC}") = "DiffPatch.Data", "DiffPatch.Data\DiffPatch.Data.csproj", "{7EE8082D-01FB-4A1C-906F-A28F900756FB}"
EndProject
Global
	GlobalSection(SolutionConfigurationPlatforms) = preSolution
		Debug|Any CPU = Debug|Any CPU
		Release|Any CPU = Release|Any CPU
	EndGlobalSection
	GlobalSection(ProjectConfigurationPlatforms) = postSolution
		{7C71379E-061D-4FF2-9BCC-5CCC5995F325}.Debug|Any CPU.ActiveCfg = Debug|Any CPU
		{7C71379E-061D-4FF2-9BCC-5CCC5995F325}.Debug|Any CPU.Build.0 = Debug|Any CPU
		{7C71379E-061D-4FF2-9BCC-5CCC5995F325}.Release|Any CPU.ActiveCfg = Release|Any CPU
		{7C71379E-061D-4FF2-9BCC-5CCC5995F325}.Release|Any CPU.Build.0 = Release|Any CPU
		{65672E92-C353-4D21-A098-6A5BEB42CDF4}.Debug|Any CPU.ActiveCfg = Debug|Any CPU
		{65672E92-C353-4D21-A098-6A5BEB42CDF4}.Debug|Any CPU.Build.0 = Debug|Any CPU
		{65672E92-C353-4D21-A098-6A5BEB42CDF4}.Release|Any CPU.ActiveCfg = Release|Any CPU
		{65672E92-C353-4D21-A098-6A5BEB42CDF4}.Release|Any CPU.Build.0 = Release|Any CPU
		{8C1F9C75-E116-4224-94C3-B1119773D155}.Debug|Any CPU.ActiveCfg = Debug|Any CPU
		{8C1F9C75-E116-4224-94C3-B1119773D155}.Debug|Any CPU.Build.0 = Debug|Any CPU
		{8C1F9C75-E116-4224-94C3-B1119773D155}.Release|Any CPU.ActiveCfg = Release|Any CPU
		{8C1F9C75-E116-4224-94C3-B1119773D155}.Release|Any CPU.Build.0 = Release|Any CPU
		{A597F7B9-A590-4C65-A661-18DA947EE33D}.Debug|Any CPU.ActiveCfg = Debug|Any CPU
		{A597F7B9-A590-4C65-A661-18DA947EE33D}.Debug|Any CPU.Build.0 = Debug|Any CPU
		{A597F7B9-A590-4C65-A661-18DA947EE33D}.Release|Any CPU.ActiveCfg = Release|Any CPU
		{A597F7B9-A590-4C65-A661-18DA947EE33D}.Release|Any CPU.Build.0 = Release|Any CPU
		{7EE8082D-01FB-4A1C-906F-A28F900756FB}.Debug|Any CPU.ActiveCfg = Debug|Any CPU
		{7EE8082D-01FB-4A1C-906F-A28F900756FB}.Debug|Any CPU.Build.0 = Debug|Any CPU
		{7EE8082D-01FB-4A1C-906F-A28F900756FB}.Release|Any CPU.ActiveCfg = Release|Any CPU
		{7EE8082D-01FB-4A1C-906F-A28F900756FB}.Release|Any CPU.Build.0 = Release|Any CPU
	EndGlobalSection
	GlobalSection(SolutionProperties) = preSolution
		HideSolutionNode = FALSE
	EndGlobalSection
	GlobalSection(ExtensibilityGlobals) = postSolution
		SolutionGuid = {AE38EBC5-2EB6-45D9-80A1-190D98649CBE}
	EndGlobalSection
EndGlobal
